{
  "version": "2",
  "remote": {
    "https://deno.land/std@0.109.0/_util/assert.ts": "2f868145a042a11d5ad0a3c748dcf580add8a0dbc0e876eaa0026303a5488f58",
    "https://deno.land/std@0.109.0/_util/os.ts": "dfb186cc4e968c770ab6cc3288bd65f4871be03b93beecae57d657232ecffcac",
    "https://deno.land/std@0.109.0/async/deadline.ts": "1d6ac7aeaee22f75eb86e4e105d6161118aad7b41ae2dd14f4cfd3bf97472b93",
    "https://deno.land/std@0.109.0/async/debounce.ts": "b2f693e4baa16b62793fd618de6c003b63228db50ecfe3bd51fc5f6dc0bc264b",
    "https://deno.land/std@0.109.0/async/deferred.ts": "ab60d46ba561abb3b13c0c8085d05797a384b9f182935f051dc67136817acdee",
    "https://deno.land/std@0.109.0/async/delay.ts": "db68b7c22518ea9805be110cdc914017d741894d2bececf4d78607fd2f0548e7",
    "https://deno.land/std@0.109.0/async/mod.ts": "78425176fabea7bd1046ce3819fd69ce40da85c83e0f174d17e8e224a91f7d10",
    "https://deno.land/std@0.109.0/async/mux_async_iterator.ts": "62abff3af9ff619e8f2adc96fc70d4ca020fa48a50c23c13f12d02ed2b760dbe",
    "https://deno.land/std@0.109.0/async/pool.ts": "353ce4f91865da203a097aa6f33de8966340c91b6f4a055611c8c5d534afd12f",
    "https://deno.land/std@0.109.0/async/tee.ts": "63811ea47268825db2b15e973dc5c37bab37b749ffa00d2b7bbb6c6f568412cb",
    "https://deno.land/std@0.109.0/bytes/mod.ts": "440684e07e8f57a19a43b34d57eb63af0b36fc92b6657b6dcdbf9d5612d62e29",
    "https://deno.land/std@0.109.0/encoding/base64.ts": "eecae390f1f1d1cae6f6c6d732ede5276bf4b9cd29b1d281678c054dc5cc009e",
    "https://deno.land/std@0.109.0/encoding/hex.ts": "5bc7df19af498c315cdaba69e2fce1b2aef5fc57344e8c21c08991aa8505a260",
    "https://deno.land/std@0.109.0/fmt/colors.ts": "8368ddf2d48dfe413ffd04cdbb7ae6a1009cf0dccc9c7ff1d76259d9c61a0621",
    "https://deno.land/std@0.109.0/fs/exists.ts": "b0d2e31654819cc2a8d37df45d6b14686c0cc1d802e9ff09e902a63e98b85a00",
    "https://deno.land/std@0.109.0/io/buffer.ts": "3ead6bb11276ebcf093c403f74f67fd2205a515dbbb9061862c468ca56f37cd8",
    "https://deno.land/std@0.109.0/io/types.d.ts": "89a27569399d380246ca7cdd9e14d5e68459f11fb6110790cc5ecbd4ee7f3215",
    "https://deno.land/std@0.109.0/io/util.ts": "85c33d61b20fd706acc094fe80d4c8ae618b04abcf3a96ca2b47071842c1c8ac",
    "https://deno.land/std@0.109.0/node/_errors.ts": "74d1e7c7aad0f4a04df20be1f25f8a0a1d39483a75daabefa2cb285b0090e6e5",
    "https://deno.land/std@0.109.0/node/_fs/_fs_access.ts": "7cbbfd1309e47983065dc7f186fd128eea0854c6693d58b39be2fd0f4de8d0c0",
    "https://deno.land/std@0.109.0/node/_fs/_fs_appendFile.ts": "bd802989a76d2e87a92034cbbbf6ad3154bf925b68e1a0a43772b3f4fc2a3728",
    "https://deno.land/std@0.109.0/node/_fs/_fs_chmod.ts": "101ea1cfc63b518f7434357e6e559c163b86c836826e87273ad4fbdd17153c6d",
    "https://deno.land/std@0.109.0/node/_fs/_fs_chown.ts": "d314d0b3c33422c980e8b8d2abe95433d5d3ec6e0699b53de6e03c13bb37769e",
    "https://deno.land/std@0.109.0/node/_fs/_fs_close.ts": "6a175fef187fa06ad7fd3c82a7a44410f947f5d20ec6673f871d4d327d98753e",
    "https://deno.land/std@0.109.0/node/_fs/_fs_common.ts": "45f0b63e864d24c6c6c492a931e6b794f61ed125157e8f74282350557ec7e971",
    "https://deno.land/std@0.109.0/node/_fs/_fs_constants.ts": "20e2d62e5c5bc1f94b68c14d686c0f61a683d405f31523456b863bb525c9cdee",
    "https://deno.land/std@0.109.0/node/_fs/_fs_copy.ts": "ce349beecec9f833e8cbe02eaa6c79119cbdbe788093c2b9543ce4d865f2b941",
    "https://deno.land/std@0.109.0/node/_fs/_fs_dir.ts": "b122324330d4d754a595618986039a2841f9551c16a20be21e93f371cc8e65ce",
    "https://deno.land/std@0.109.0/node/_fs/_fs_dirent.ts": "c9f585db140749426bcbcd735801198e7c517d654cd72795a20dfa349e4bac05",
    "https://deno.land/std@0.109.0/node/_fs/_fs_exists.ts": "ec185609b68149e259d4fb1d7872e70bb2f9aff135236a3c2e14109e579393cc",
    "https://deno.land/std@0.109.0/node/_fs/_fs_fdatasync.ts": "a62e70004a0f9c2f49e369b44a9ff788bb13d7b8160c61cec942e5dc42da4181",
    "https://deno.land/std@0.109.0/node/_fs/_fs_fstat.ts": "6e2280db419a521dd3ea4525982c02f84677493561d1bcbaa271abadc8e7f844",
    "https://deno.land/std@0.109.0/node/_fs/_fs_fsync.ts": "c68c74966342d5a98437036a634359ac6feab85f114310892f14553c02fad5d4",
    "https://deno.land/std@0.109.0/node/_fs/_fs_ftruncate.ts": "2964fe380c60db9e802a9ae65c72cbfee8d710abd0e078afbcfc2e0cc442599c",
    "https://deno.land/std@0.109.0/node/_fs/_fs_futimes.ts": "88c1e0d7b4012bcee23f586b2b7282ac21725824f3961ffa235d96501afcb65f",
    "https://deno.land/std@0.109.0/node/_fs/_fs_link.ts": "93c8997574a6f42aa2699012236b53f7ee2105400c207e0b8156dce04772ab81",
    "https://deno.land/std@0.109.0/node/_fs/_fs_lstat.ts": "3d81117febd0abcab4e92ecbe70885179f62d10d09608d8ac6acfb7c2db34290",
    "https://deno.land/std@0.109.0/node/_fs/_fs_mkdir.ts": "a98590e4a07416e4d7af1342d062b9c8e01997e6f047ed95411ef1215aa154b3",
    "https://deno.land/std@0.109.0/node/_fs/_fs_mkdtemp.ts": "683c0e0fbe2583c318b2d67cd986cf55f8f7410199537edb76f3af0ec8b54a80",
    "https://deno.land/std@0.109.0/node/_fs/_fs_open.ts": "6a08a3e5edf17f49589fa34223d2ea62193ea1e17392f4e84bfa49fc9d0ca532",
    "https://deno.land/std@0.109.0/node/_fs/_fs_readFile.ts": "aa972cc3a6a13ddad8e7319c3908d089be56136ef11e2a8b8bfb48cfc368fde3",
    "https://deno.land/std@0.109.0/node/_fs/_fs_readdir.ts": "d3b0c2b3d3b243e63f0c8df5294252edbb6a732c07f540044af3e89d6d75245f",
    "https://deno.land/std@0.109.0/node/_fs/_fs_readlink.ts": "919df3481f3e339cfb153e899941fe93d4284287794fed3d92f071a055d473e9",
    "https://deno.land/std@0.109.0/node/_fs/_fs_realpath.ts": "9dad0fe43e8c4cda6953bc297cd605c9647162e4a9d29cf91e435d96a741d8e1",
    "https://deno.land/std@0.109.0/node/_fs/_fs_rename.ts": "98852b8f576e2bbdaede8b85abf8c459c3d0b50d8f6c8aff030a72f20ed26710",
    "https://deno.land/std@0.109.0/node/_fs/_fs_rmdir.ts": "89458f749b97bf2e23e485cba09fbb18f57041141e1cbbcfa9e44bde75953e51",
    "https://deno.land/std@0.109.0/node/_fs/_fs_stat.ts": "71c770228b0f6eb0bfa8b5db88e0313940f57fa3e5dccfbf46d8bd838d1a9497",
    "https://deno.land/std@0.109.0/node/_fs/_fs_symlink.ts": "174e41dbb2dbd0af79ba6460f3ab849c48099b8e824beed7c7f7c5d6d616b36d",
    "https://deno.land/std@0.109.0/node/_fs/_fs_truncate.ts": "fd016bc0b5ac236c4e88b326d0a9de0df6d56a512f20e927384fb4bd088d4e01",
    "https://deno.land/std@0.109.0/node/_fs/_fs_unlink.ts": "95cb6d81c647ac46826a86b9ebc8ebd8008fd99080dd36ddb62c5ddc54339c5f",
    "https://deno.land/std@0.109.0/node/_fs/_fs_utimes.ts": "5a87c6cb903f072a10a1917195e55f8673f4e1023964e16648e4146a778160e0",
    "https://deno.land/std@0.109.0/node/_fs/_fs_watch.ts": "7f7757775b6cdeb2e66bf5dbb5e1eb15e105fce4429eecd1026e1301e696babe",
    "https://deno.land/std@0.109.0/node/_fs/_fs_writeFile.ts": "6bf2646358e6e840353f1c1da184493121a1e57ab20e6ba6e8b1cf21574d4bf2",
    "https://deno.land/std@0.109.0/node/_util/_util_callbackify.ts": "947aa66d148c10e484c5c5e65ca4041cdd65085d7045fb26d388269a63c4d079",
    "https://deno.land/std@0.109.0/node/_util/_util_promisify.ts": "2ad6efe685f73443d5ed6ae009999789a8de4a0f01e6d2afdf242b4515477ee2",
    "https://deno.land/std@0.109.0/node/_util/_util_types.ts": "ae3d21e07c975f06590ab80bbde8173670d70ff40546267c0c1df869fc2ff00c",
    "https://deno.land/std@0.109.0/node/_utils.ts": "c32d3491e380488728d65ad471698ed0aadff7fe35bde0a26ba4dd8f434ed0e7",
    "https://deno.land/std@0.109.0/node/buffer.ts": "8128c5578810a937a1643c50b88a6b03e7c76d4239e3c9e5f49c1566e60ca626",
    "https://deno.land/std@0.109.0/node/events.ts": "f92ba300cb0a6efa4ff4d8a267a507ee725858d6a250a2eeb829ec99b21f90b1",
    "https://deno.land/std@0.109.0/node/fs.ts": "0f283d57d7d19b48845d80d9517c1a69c9b66cf29787ad1e182939e95c6a9c07",
    "https://deno.land/std@0.109.0/node/fs/promises.ts": "88258c223ef5774e8467e1b7707be8ebf490f62b024cb56cf2b4aae29a81a6dd",
    "https://deno.land/std@0.109.0/node/path.ts": "86b262d6957fba13d4f3d58a92ced49de4f40169d06542326b5547ff97257f0d",
    "https://deno.land/std@0.109.0/node/url.ts": "d2ea2b5d479c0a70404177840304dbe5bb77722c7bd2366ce7b6cd01ea1bef73",
    "https://deno.land/std@0.109.0/node/util.ts": "23878bd3ee67a52e67cfe5acb78c7ccce9c54735c6d280b069577605e8679935",
    "https://deno.land/std@0.109.0/path/_constants.ts": "1247fee4a79b70c89f23499691ef169b41b6ccf01887a0abd131009c5581b853",
    "https://deno.land/std@0.109.0/path/_interface.ts": "1fa73b02aaa24867e481a48492b44f2598cd9dfa513c7b34001437007d3642e4",
    "https://deno.land/std@0.109.0/path/_util.ts": "2e06a3b9e79beaf62687196bd4b60a4c391d862cfa007a20fc3a39f778ba073b",
    "https://deno.land/std@0.109.0/path/common.ts": "f41a38a0719a1e85aa11c6ba3bea5e37c15dd009d705bd8873f94c833568cbc4",
    "https://deno.land/std@0.109.0/path/glob.ts": "46708a3249cb5dc4a116cae3055114d6339bd5f0c1f412db6a4e0cb44c828a7d",
    "https://deno.land/std@0.109.0/path/mod.ts": "4465dc494f271b02569edbb4a18d727063b5dbd6ed84283ff906260970a15d12",
    "https://deno.land/std@0.109.0/path/posix.ts": "34349174b9cd121625a2810837a82dd8b986bbaaad5ade690d1de75bbb4555b2",
    "https://deno.land/std@0.109.0/path/separator.ts": "8fdcf289b1b76fd726a508f57d3370ca029ae6976fcde5044007f062e643ff1c",
    "https://deno.land/std@0.109.0/path/win32.ts": "2edb2f71f10578ee1168de01a8cbd3c65483e45a46bc2fa3156a0c6bfbd2720d",
    "https://deno.land/std@0.109.0/testing/_diff.ts": "ccd6c3af6e44c74bf1591acb1361995f5f50df64323a6e7fb3f16c8ea792c940",
    "https://deno.land/std@0.109.0/testing/asserts.ts": "6b0d6ba564bdff807bd0f0e93e02c48aa3177acf19416bf84a7f420191ef74cd",
    "https://deno.land/std@0.150.0/_util/assert.ts": "e94f2eb37cebd7f199952e242c77654e43333c1ac4c5c700e929ea3aa5489f74",
    "https://deno.land/std@0.150.0/_util/os.ts": "3b4c6e27febd119d36a416d7a97bd3b0251b77c88942c8f16ee5953ea13e2e49",
    "https://deno.land/std@0.150.0/path/_constants.ts": "df1db3ffa6dd6d1252cc9617e5d72165cd2483df90e93833e13580687b6083c3",
    "https://deno.land/std@0.150.0/path/_interface.ts": "ee3b431a336b80cf445441109d089b70d87d5e248f4f90ff906820889ecf8d09",
    "https://deno.land/std@0.150.0/path/_util.ts": "c1e9686d0164e29f7d880b2158971d805b6e0efc3110d0b3e24e4b8af2190d2b",
    "https://deno.land/std@0.150.0/path/common.ts": "bee563630abd2d97f99d83c96c2fa0cca7cee103e8cb4e7699ec4d5db7bd2633",
    "https://deno.land/std@0.150.0/path/glob.ts": "cb5255638de1048973c3e69e420c77dc04f75755524cb3b2e160fe9277d939ee",
    "https://deno.land/std@0.150.0/path/mod.ts": "4945b430b759b0b3d98f2a278542cbcf95e0ad2bd8eaaed3c67322b306b2b346",
    "https://deno.land/std@0.150.0/path/posix.ts": "c1f7afe274290ea0b51da07ee205653b2964bd74909a82deb07b69a6cc383aaa",
    "https://deno.land/std@0.150.0/path/separator.ts": "fe1816cb765a8068afb3e8f13ad272351c85cbc739af56dacfc7d93d710fe0f9",
    "https://deno.land/std@0.150.0/path/win32.ts": "bd7549042e37879c68ff2f8576a25950abbfca1d696d41d82c7bca0b7e6f452c",
    "https://deno.land/std@0.152.0/async/abortable.ts": "87aa7230be8360c24ad437212311c9e8d4328854baec27b4c7abb26e85515c06",
    "https://deno.land/std@0.152.0/async/deadline.ts": "48ac998d7564969f3e6ec6b6f9bf0217ebd00239b1b2292feba61272d5dd58d0",
    "https://deno.land/std@0.152.0/async/debounce.ts": "564273ef242bcfcda19a439132f940db8694173abffc159ea34f07d18fc42620",
    "https://deno.land/std@0.152.0/async/deferred.ts": "bc18e28108252c9f67dfca2bbc4587c3cbf3aeb6e155f8c864ca8ecff992b98a",
    "https://deno.land/std@0.152.0/async/delay.ts": "cbbdf1c87d1aed8edc7bae13592fb3e27e3106e0748f089c263390d4f49e5f6c",
    "https://deno.land/std@0.152.0/async/mod.ts": "dd0a8ed4f3984ffabe2fcca7c9f466b7932d57b1864ffee148a5d5388316db6b",
    "https://deno.land/std@0.152.0/async/mux_async_iterator.ts": "5b4aca6781ad0f2e19ccdf1d1a1c092ccd3e00d52050d9c27c772658c8367256",
    "https://deno.land/std@0.152.0/async/pool.ts": "ef9eb97b388543acbf0ac32647121e4dbe629236899586c4d4311a8770fbb239",
    "https://deno.land/std@0.152.0/async/tee.ts": "bcfae0017ebb718cf4eef9e2420e8675d91cb1bcc0ed9b668681af6e6caad846",
    "https://deno.land/std@0.152.0/http/server.ts": "0b0a9f3abfcfecead944b31ee9098a0c11a59b0495bf873ee200eb80e7441483",
    "https://deno.land/std@0.155.0/async/abortable.ts": "87aa7230be8360c24ad437212311c9e8d4328854baec27b4c7abb26e85515c06",
    "https://deno.land/std@0.155.0/async/deadline.ts": "48ac998d7564969f3e6ec6b6f9bf0217ebd00239b1b2292feba61272d5dd58d0",
    "https://deno.land/std@0.155.0/async/debounce.ts": "de5433bff08a2bb61416fc53b3bd2d5867090c8a815465e5b4a10a77495b1051",
    "https://deno.land/std@0.155.0/async/deferred.ts": "c01de44b9192359cebd3fe93273fcebf9e95110bf3360023917da9a2d1489fae",
    "https://deno.land/std@0.155.0/async/delay.ts": "0419dfc993752849692d1f9647edf13407c7facc3509b099381be99ffbc9d699",
    "https://deno.land/std@0.155.0/async/mod.ts": "dd0a8ed4f3984ffabe2fcca7c9f466b7932d57b1864ffee148a5d5388316db6b",
    "https://deno.land/std@0.155.0/async/mux_async_iterator.ts": "3447b28a2a582224a3d4d3596bccbba6e85040da3b97ed64012f7decce98d093",
    "https://deno.land/std@0.155.0/async/pool.ts": "ef9eb97b388543acbf0ac32647121e4dbe629236899586c4d4311a8770fbb239",
    "https://deno.land/std@0.155.0/async/tee.ts": "d27680d911816fcb3d231e16d690e7588079e66a9b2e5ce8cc354db94fdce95f",
    "https://deno.land/std@0.155.0/http/server.ts": "e2e16f0b124ffef022ad04797d4250d6e4fc0d9579780999091949b17789dd1a",
    "https://deno.land/std@0.156.0/_util/assert.ts": "e94f2eb37cebd7f199952e242c77654e43333c1ac4c5c700e929ea3aa5489f74",
    "https://deno.land/std@0.156.0/_util/os.ts": "3b4c6e27febd119d36a416d7a97bd3b0251b77c88942c8f16ee5953ea13e2e49",
    "https://deno.land/std@0.156.0/path/_constants.ts": "df1db3ffa6dd6d1252cc9617e5d72165cd2483df90e93833e13580687b6083c3",
    "https://deno.land/std@0.156.0/path/_interface.ts": "ee3b431a336b80cf445441109d089b70d87d5e248f4f90ff906820889ecf8d09",
    "https://deno.land/std@0.156.0/path/_util.ts": "d16be2a16e1204b65f9d0dfc54a9bc472cafe5f4a190b3c8471ec2016ccd1677",
    "https://deno.land/std@0.156.0/path/common.ts": "bee563630abd2d97f99d83c96c2fa0cca7cee103e8cb4e7699ec4d5db7bd2633",
    "https://deno.land/std@0.156.0/path/glob.ts": "cb5255638de1048973c3e69e420c77dc04f75755524cb3b2e160fe9277d939ee",
    "https://deno.land/std@0.156.0/path/mod.ts": "56fec03ad0ebd61b6ab39ddb9b0ddb4c4a5c9f2f4f632e09dd37ec9ebfd722ac",
    "https://deno.land/std@0.156.0/path/posix.ts": "c1f7afe274290ea0b51da07ee205653b2964bd74909a82deb07b69a6cc383aaa",
    "https://deno.land/std@0.156.0/path/separator.ts": "fe1816cb765a8068afb3e8f13ad272351c85cbc739af56dacfc7d93d710fe0f9",
    "https://deno.land/std@0.156.0/path/win32.ts": "bd7549042e37879c68ff2f8576a25950abbfca1d696d41d82c7bca0b7e6f452c",
    "https://deno.land/std@0.162.0/_util/assert.ts": "e94f2eb37cebd7f199952e242c77654e43333c1ac4c5c700e929ea3aa5489f74",
    "https://deno.land/std@0.162.0/_util/os.ts": "8a33345f74990e627b9dfe2de9b040004b08ea5146c7c9e8fe9a29070d193934",
    "https://deno.land/std@0.162.0/fs/_util.ts": "fdc156f897197f261a1c096dcf8ff9267ed0ff42bd5b31f55053a4763a4bae3b",
    "https://deno.land/std@0.162.0/fs/walk.ts": "d96d4e5b6a3552e8304f28a0fd0b317b812298298449044f8de4932c869388a5",
    "https://deno.land/std@0.162.0/path/_constants.ts": "df1db3ffa6dd6d1252cc9617e5d72165cd2483df90e93833e13580687b6083c3",
    "https://deno.land/std@0.162.0/path/_interface.ts": "ee3b431a336b80cf445441109d089b70d87d5e248f4f90ff906820889ecf8d09",
    "https://deno.land/std@0.162.0/path/_util.ts": "d16be2a16e1204b65f9d0dfc54a9bc472cafe5f4a190b3c8471ec2016ccd1677",
    "https://deno.land/std@0.162.0/path/common.ts": "bee563630abd2d97f99d83c96c2fa0cca7cee103e8cb4e7699ec4d5db7bd2633",
    "https://deno.land/std@0.162.0/path/glob.ts": "cb5255638de1048973c3e69e420c77dc04f75755524cb3b2e160fe9277d939ee",
    "https://deno.land/std@0.162.0/path/mod.ts": "56fec03ad0ebd61b6ab39ddb9b0ddb4c4a5c9f2f4f632e09dd37ec9ebfd722ac",
    "https://deno.land/std@0.162.0/path/posix.ts": "6b63de7097e68c8663c84ccedc0fd977656eb134432d818ecd3a4e122638ac24",
    "https://deno.land/std@0.162.0/path/separator.ts": "fe1816cb765a8068afb3e8f13ad272351c85cbc739af56dacfc7d93d710fe0f9",
    "https://deno.land/std@0.162.0/path/win32.ts": "ee8826dce087d31c5c81cd414714e677eb68febc40308de87a2ce4b40e10fb8d",
    "https://deno.land/std@0.170.0/_util/asserts.ts": "d0844e9b62510f89ce1f9878b046f6a57bf88f208a10304aab50efcb48365272",
    "https://deno.land/std@0.170.0/_util/os.ts": "8a33345f74990e627b9dfe2de9b040004b08ea5146c7c9e8fe9a29070d193934",
    "https://deno.land/std@0.170.0/fs/_util.ts": "fdc156f897197f261a1c096dcf8ff9267ed0ff42bd5b31f55053a4763a4bae3b",
    "https://deno.land/std@0.170.0/fs/walk.ts": "677eac2e5386217a7a4e7526769ae28b41ff4ae7a3cd0389f3aa4eb662545edd",
    "https://deno.land/std@0.170.0/path/_constants.ts": "df1db3ffa6dd6d1252cc9617e5d72165cd2483df90e93833e13580687b6083c3",
    "https://deno.land/std@0.170.0/path/_interface.ts": "ee3b431a336b80cf445441109d089b70d87d5e248f4f90ff906820889ecf8d09",
    "https://deno.land/std@0.170.0/path/_util.ts": "d16be2a16e1204b65f9d0dfc54a9bc472cafe5f4a190b3c8471ec2016ccd1677",
    "https://deno.land/std@0.170.0/path/common.ts": "bee563630abd2d97f99d83c96c2fa0cca7cee103e8cb4e7699ec4d5db7bd2633",
    "https://deno.land/std@0.170.0/path/glob.ts": "81cc6c72be002cd546c7a22d1f263f82f63f37fe0035d9726aa96fc8f6e4afa1",
    "https://deno.land/std@0.170.0/path/mod.ts": "cf7cec7ac11b7048bb66af8ae03513e66595c279c65cfa12bfc07d9599608b78",
    "https://deno.land/std@0.170.0/path/posix.ts": "b859684bc4d80edfd4cad0a82371b50c716330bed51143d6dcdbe59e6278b30c",
    "https://deno.land/std@0.170.0/path/separator.ts": "fe1816cb765a8068afb3e8f13ad272351c85cbc739af56dacfc7d93d710fe0f9",
    "https://deno.land/std@0.170.0/path/win32.ts": "7cebd2bda6657371adc00061a1d23fdd87bcdf64b4843bb148b0b24c11b40f69",
    "https://deno.land/std@0.62.0/_util/assert.ts": "e1f76e77c5ccb5a8e0dbbbe6cce3a56d2556c8cb5a9a8802fc9565af72462149",
    "https://deno.land/std@0.62.0/archive/tar.ts": "8bb9fb4cdf52d27726a55ae0ce8611662b03e1657a8bf72beb1655205ac33eb9",
    "https://deno.land/std@0.62.0/bytes/mod.ts": "b1a149ac741728db00bda9ce1a2d044f248edd5ac95e708a6cc501bfd3adb4a7",
    "https://deno.land/std@0.62.0/encoding/utf8.ts": "8654fa820aa69a37ec5eb11908e20b39d056c9bf1c23ab294303ff467f3d50a1",
    "https://deno.land/std@0.62.0/fs/_util.ts": "68508c05d5a02678179a02beabf2b3eac5b16c5a9cbd1c272686d8101bb2679d",
    "https://deno.land/std@0.62.0/fs/ensure_dir.ts": "54cf0cfb16160857116d1bdff98214ad0189275fe2f089607fdc06c52ac79cc4",
    "https://deno.land/std@0.62.0/fs/ensure_file.ts": "b70eccaee6f41ae226d399ad9c8ebc29beb5dd86fe179d30ab7e681976352baf",
    "https://deno.land/std@0.62.0/io/bufio.ts": "e76c5b7bf978a638aae6f62b87efde3ab7203b85902ce9b84ac8388c8c2bb104",
    "https://deno.land/std@0.62.0/io/readers.ts": "4c2e98abf2a2a1d5e2adaf460479a1c69f742951c1bc141b26654d2f5248b663",
    "https://deno.land/std@0.62.0/node/_util/_util_callbackify.ts": "50f980fafc0b12172ba53b26036835f55dd3296b46556a227f8616b0682179e0",
    "https://deno.land/std@0.62.0/node/_util/_util_promisify.ts": "35f7b8a4123d3a44b1aa349ada9b671fb096cb1144520482767ed72a8799708f",
    "https://deno.land/std@0.62.0/node/_util/_util_types.ts": "217a4c1055289f25d1dc9097638aeeb7662136d34e6f49df5f27038872dc8d6f",
    "https://deno.land/std@0.62.0/node/_utils.ts": "786b4f364609c8066dda897a9557d00c2a3a48e884ad734549c2ced692509d97",
    "https://deno.land/std@0.62.0/node/events.ts": "b9291714b6a51d2de17206f28943314672cc31ec3bc937b6045e8e731f3a8881",
    "https://deno.land/std@0.62.0/node/util.ts": "2399b5b640683221cdab13ac94e0c16d62f74d5ba80ef2313aed731a9b0ab1d4",
    "https://deno.land/std@0.62.0/path/_constants.ts": "e11f32a36644e04dce243f3c1f30c02cc5d149827f48a755628176f0707cfc70",
    "https://deno.land/std@0.62.0/path/_globrex.ts": "cfd1af99fb5ed2eff9b49aef994cdf7a14a5d26cd32b14c60b27bfff49839c82",
    "https://deno.land/std@0.62.0/path/_interface.ts": "5876f91d35fd42624893a4aaddaee352144e1f46e719f1dde6511bab7c3c1029",
    "https://deno.land/std@0.62.0/path/_util.ts": "f0fa012d40ae9b6acbef03908e534eb11e694de6470fb4d78ea4f38829e735ab",
    "https://deno.land/std@0.62.0/path/common.ts": "e4ec66a7416d56f60331b66e27a8a4f08c7b1cf48e350271cb69754a01cf5c04",
    "https://deno.land/std@0.62.0/path/glob.ts": "dbcda011329b5ba0f955823e578af19a8bf8d01586a07925b42affe885544e62",
    "https://deno.land/std@0.62.0/path/mod.ts": "6de8885c2534757097818e302becd1cefcbc4c28ac022cc279e612ee04e8cfd1",
    "https://deno.land/std@0.62.0/path/posix.ts": "018dd955e0a6b6fffed55acd34ea2f4fb734aec3c9feb842e50b144c1bdb0851",
    "https://deno.land/std@0.62.0/path/separator.ts": "9dd15d46ff84a16e13554f56af7fee1f85f8d0f379efbbe60ac066a60561f036",
    "https://deno.land/std@0.62.0/path/win32.ts": "90261b763121538e8133ee7f2995987d4871debfe029456c5c7000207f45317c",
    "https://deno.land/x/compress@v0.3.3/deps.ts": "dc069b1e1246320e9d468191ef7beef1181e9ee473627d2cb69814e4faad8041",
    "https://deno.land/x/compress@v0.3.3/gzip/gzip.ts": "e0132fb8af25fd4256125cc701dd4f4a590f93d6604d42ab1dfc4679efb5d950",
    "https://deno.land/x/compress@v0.3.3/gzip/gzip_file.ts": "4d23399c1b17a6e65ce2e7dcb3fad0bc81b9920d010bd50b53c468de226c818c",
    "https://deno.land/x/compress@v0.3.3/gzip/gzip_stream.ts": "9d4291c5ef3b7abce05b16450f7a0bcdd1c7d12ecd113417578d90e02eebb760",
    "https://deno.land/x/compress@v0.3.3/gzip/mod.ts": "42a51f43eedbdc8522dec16c6ef58671f06b1ba270b86a14780af8a0bc017366",
    "https://deno.land/x/compress@v0.3.3/gzip/writer_gunzip.ts": "0e08971118dc7f22f67312f0700c8a854bec747c28c183e4c1cf5d6d7c5ef19d",
    "https://deno.land/x/compress@v0.3.3/gzip/writer_gzip.ts": "151d731e84dccdcaee2fde7b668a8ae0dc8f300f36b14a60202747113abeb151",
    "https://deno.land/x/compress@v0.3.3/interface.ts": "169067c1fc3c6ac677afbffd2df59418a4927d851252fac67b881ada4dd6a1ba",
    "https://deno.land/x/compress@v0.3.3/mod.ts": "19be50e35e5bf50bfbf7895ae953aa30314fdd10bff2f919a7417cca5ded55a6",
    "https://deno.land/x/compress@v0.3.3/tar/mod.ts": "25f90688c3fbd9729cfffa563bb36f8d6593d3953fec3e1621b8bfd8798d7f1b",
    "https://deno.land/x/compress@v0.3.3/tgz/mod.ts": "9a6e0cc0fe25f62f8e708a328542da8dd69abb6e6c8abb01b5511bb1272d69dc",
    "https://deno.land/x/compress@v0.3.3/utils/uint8.ts": "7d15b88caaab8ac22330ce9660a78a778435d0ae7d52e3ab3762ef64d17ed66d",
    "https://deno.land/x/compress@v0.3.3/zlib/deflate.ts": "0b961469e76f67adbfb52ca72ae110de123710647885816de69b7c1a697c681c",
    "https://deno.land/x/compress@v0.3.3/zlib/inflate.ts": "450ff50e1d7d9716f3afcf0468d391775f87a17824ec203e02fc706404cb641f",
    "https://deno.land/x/compress@v0.3.3/zlib/mod.ts": "4dca9c1e934b7ab27f31c318abd7bfd39b09be96fd76ba27bd46f3a4e73b4ad0",
    "https://deno.land/x/compress@v0.3.3/zlib/zlib/adler32.ts": "e34c7596d63a655755c4b0a44a40d4f9c1d1c4d3b891e5c1f3f840f8939e1940",
    "https://deno.land/x/compress@v0.3.3/zlib/zlib/crc32.ts": "b9bc4adaf327d32585205d1176bd52f6453c06dd1040544611d4c869e638119c",
    "https://deno.land/x/compress@v0.3.3/zlib/zlib/deflate.ts": "cbc9001f1b92f3476c8da60da65a4c0e80ee2408d7a89bfd74dc39510616110b",
    "https://deno.land/x/compress@v0.3.3/zlib/zlib/gzheader.ts": "11e6da7383447aae9791308dc2350a809fa341a876a2da396b03a2a31408c20c",
    "https://deno.land/x/compress@v0.3.3/zlib/zlib/inffast.ts": "282daf5ea16bb876d26e342f3c24fe1a8ec84640e713a970b02232955a853f86",
    "https://deno.land/x/compress@v0.3.3/zlib/zlib/inflate.ts": "eb4c082c1b261718be7bd877573b1b1bede026cf7ba1f038a2af6a5f4889a254",
    "https://deno.land/x/compress@v0.3.3/zlib/zlib/inftrees.ts": "8a6d765a5c42bf3b6990060cabbe52e88493f8ce6d082e6e35d97756914cfb8e",
    "https://deno.land/x/compress@v0.3.3/zlib/zlib/messages.ts": "c82229bd67ccc3b6162f3aca1c5e7f936e546aa91ac9a9ac4fcfefc3a9dc5ac8",
    "https://deno.land/x/compress@v0.3.3/zlib/zlib/status.ts": "5987864d2d43d59bbbfa2e6ef4d5a07284c1d10489cc5843ddf41ac547957ac3",
    "https://deno.land/x/compress@v0.3.3/zlib/zlib/trees.ts": "6575455707d62cd430f3fd1634cdb10ab6ac00212df11b6a7b31f1acc4ed0675",
    "https://deno.land/x/compress@v0.3.3/zlib/zlib/zstream.ts": "c110fd5919235e317d64933852e24a1bba0126202be592e90e58f7b19315ad93",
    "https://deno.land/x/crc32@v0.2.0/mod.ts": "de7a3fa2d4ef24b96fc21e1cc4d2d65d1d2b1dcea92f63960e3e11bfa82df0fa",
    "https://deno.land/x/denoflate@1.2.1/mod.ts": "f5628e44b80b3d80ed525afa2ba0f12408e3849db817d47a883b801f9ce69dd6",
    "https://deno.land/x/denoflate@1.2.1/pkg/denoflate.js": "b9f9ad9457d3f12f28b1fb35c555f57443427f74decb403113d67364e4f2caf4",
    "https://deno.land/x/denoflate@1.2.1/pkg/denoflate_bg.wasm.js": "d581956245407a2115a3d7e8d85a9641c032940a8e810acbd59ca86afd34d44d",
    "https://deno.land/x/esbuild@v0.12.5/mod.d.ts": "7c4376edfa1a9b5101b2e96da0f21c66dac40ba8f1c6096ffe3b3b194cd4d96a",
    "https://deno.land/x/esbuild@v0.12.5/mod.js": "97a5cd3ec93f386da72dc205a9bb01be516ca0c42bbcd445e3e8b8d93de6c75b",
    "https://deno.land/x/esbuild@v0.14.51/mod.d.ts": "c142324d0383c39de0d7660cd207a7f7f52c7198a13d7d3281c0d636a070f441",
    "https://deno.land/x/esbuild@v0.15.10/mod.d.ts": "12e96a8d05c8e2c5638aa9cb09f24222134d437abb2f3f52de0156adb2270719",
    "https://deno.land/x/esbuild@v0.15.14/wasm.d.ts": "12e96a8d05c8e2c5638aa9cb09f24222134d437abb2f3f52de0156adb2270719",
    "https://deno.land/x/esbuild@v0.15.14/wasm.js": "8f4ca1a3667e53c0c8e8bea1077ebce36105ad325f9aef7da82cda0b9bc87ded",
    "https://deno.land/x/esbuild@v0.16.10/mod.d.ts": "512cc3135020e8b8ff9e291cb545c4a65e5e6cede6aa9182310eb7abbad8f8e7",
    "https://deno.land/x/esbuild@v0.16.10/mod.js": "2f5fff339b2971e114ee72ef8b97d34c9fdc21d6254dc194635ed2e2be090a2e",
    "https://deno.land/x/esbuild@v0.16.10/wasm.d.ts": "512cc3135020e8b8ff9e291cb545c4a65e5e6cede6aa9182310eb7abbad8f8e7",
    "https://deno.land/x/esbuild@v0.16.10/wasm.js": "d9ae9f65cffa832a6228004f64c964d7423cc46fa5ee97efa339eab4bbc46120",
    "https://deno.land/x/esbuild_deno_loader@0.5.2/deps.ts": "bf83c27b7787b2f245fa0bc0b99f5041aa949c000a81c016cfe828d06b476d37",
    "https://deno.land/x/esbuild_deno_loader@0.5.2/mod.ts": "bc111a68f323dbdb6edec68dd558ab732b27866d2ef304708872d763387b65d7",
    "https://deno.land/x/esbuild_deno_loader@0.5.2/src/deno.ts": "0e83ccabbe2b004389288e38df2031b79eb347df2d139fce9394d8e88a11f259",
    "https://deno.land/x/esbuild_deno_loader@0.5.2/src/native_loader.ts": "343854a566cf510cf25144f7c09fc0c1097780a31830305142a075d12bb697ba",
    "https://deno.land/x/esbuild_deno_loader@0.5.2/src/portable_loader.ts": "35b6c526eed8c2c781a3256b23c30aa7cce69c0ef1d583c15528663287ba18a3",
    "https://deno.land/x/esbuild_deno_loader@0.5.2/src/shared.ts": "b64749cd8c0f6252a11498bd8758ef1220003e46b2c9b68e16da63fd7e92b13a",
    "https://deno.land/x/esbuild_deno_loader@0.6.0/deps.ts": "fe86f62cb954edc2580868cdc3292d4446f22cd2c4eedbf8ee26513fdf74e343",
    "https://deno.land/x/esbuild_deno_loader@0.6.0/mod.ts": "5d8a429b26c70f9fd522a8629e751f3bdf63680da473e537bc420d552ee3bf0b",
    "https://deno.land/x/esbuild_deno_loader@0.6.0/src/deno.ts": "0e83ccabbe2b004389288e38df2031b79eb347df2d139fce9394d8e88a11f259",
    "https://deno.land/x/esbuild_deno_loader@0.6.0/src/native_loader.ts": "343854a566cf510cf25144f7c09fc0c1097780a31830305142a075d12bb697ba",
    "https://deno.land/x/esbuild_deno_loader@0.6.0/src/portable_loader.ts": "35b6c526eed8c2c781a3256b23c30aa7cce69c0ef1d583c15528663287ba18a3",
    "https://deno.land/x/esbuild_deno_loader@0.6.0/src/shared.ts": "b64749cd8c0f6252a11498bd8758ef1220003e46b2c9b68e16da63fd7e92b13a",
    "https://deno.land/x/importmap@0.2.1/_util.ts": "ada9a9618b537e6c0316c048a898352396c882b9f2de38aba18fd3f2950ede89",
    "https://deno.land/x/importmap@0.2.1/mod.ts": "ae3d1cd7eabd18c01a4960d57db471126b020f23b37ef14e1359bbb949227ade",
    "https://deno.land/x/mrmime@v1.0.1/mod.ts": "37a21fb8302c3df74d2c54b3c50fb6de15d66fb281ddba7449fcc06e96209b02",
    "https://deno.land/x/nanoid@v3.0.0/nanoid.ts": "8d119bc89a0f34e7bbe0c2dbdc280d01753e431af553d189663492310a31085d",
    "https://deno.land/x/nanoid@v3.0.0/random.ts": "4da71d5f72f2bfcc6a4ee79b5d4e72f48dcf4fe4c3835fd5ebab08b9f33cd598",
    "https://deno.land/x/nanoid@v3.0.0/urlAlphabet.ts": "8b1511deb1ecb23c66202b6000dc10fb68f9a96b5550c6c8cef5009324793431",
    "https://deno.land/x/postcss@8.4.16/lib/at-rule.d.ts": "0c4836e0886871d7e0ac1c266e0bee240efd6073b05eb81ed141d82e4c583dd1",
    "https://deno.land/x/postcss@8.4.16/lib/at-rule.js": "1ca2a26f0feb3889acfdb98477eb8d4fef4e5d141d0571312358376dc3c6ec2c",
    "https://deno.land/x/postcss@8.4.16/lib/comment.d.ts": "952be03f802043fcce855b747dcc49de0d74af14ce74f91145761df5a5d7c9a3",
    "https://deno.land/x/postcss@8.4.16/lib/comment.js": "349973bdfc8d0aae3da1256d54e7e1fb003dfecbe1c09a2a50c9701d1dcd665b",
    "https://deno.land/x/postcss@8.4.16/lib/container.d.ts": "c614c35708c3fe4470bbc4414e7639cdbb34e3bbf39fa52d3e46e31d48287648",
    "https://deno.land/x/postcss@8.4.16/lib/container.js": "0e063ca4fa5bc493c4aa1be290ea4ee25503b98280c52480cc6b4379b8f1e709",
    "https://deno.land/x/postcss@8.4.16/lib/css-syntax-error.d.ts": "59e3bcac3a4a9fc241283f96f6e12eabded4a1898292796aa846e4ee35510982",
    "https://deno.land/x/postcss@8.4.16/lib/css-syntax-error.js": "5572fbde8f3300996e3a9847ffc1a4beb566671198fe65eb94e2f556b45f048f",
    "https://deno.land/x/postcss@8.4.16/lib/declaration.d.ts": "3f8c5b45c70f219cd1d4dc343183c96e9050674d061a8b1040a50f68f7241658",
    "https://deno.land/x/postcss@8.4.16/lib/declaration.js": "d74d7f3cdff45ea71044d53f3cc3df57335ba3ccaf1c92957898244da7193387",
    "https://deno.land/x/postcss@8.4.16/lib/deps.js": "8e20b9a064f86d37f138f2646cddc9071614df4084531d66bf932605944921c3",
    "https://deno.land/x/postcss@8.4.16/lib/document.d.ts": "e3827bf20919433ca9a917de1d5f7d1f97f828574b4a6497477fbbdd9012c188",
    "https://deno.land/x/postcss@8.4.16/lib/document.js": "040ba2a6320829bae7c901c4fa413a27b1344c9b19fd9c457692439660111664",
    "https://deno.land/x/postcss@8.4.16/lib/fromJSON.d.ts": "9813f6b4a45deaa86ce903bbf2d511fd96253b349e7604b6804d9506742cb67c",
    "https://deno.land/x/postcss@8.4.16/lib/fromJSON.js": "8eca2aa3fc81439dde94bda790028fbdd8f02897704c06bd0b57ddc479a67eca",
    "https://deno.land/x/postcss@8.4.16/lib/input.d.ts": "39a885f9a25b63a659145c8ef7903e2e1f2902b8598c09cdd6a9da5622f4294e",
    "https://deno.land/x/postcss@8.4.16/lib/input.js": "67f0dea431191138909dc9c44aaef539fa3019905dbcbaf918ec093bb566a325",
    "https://deno.land/x/postcss@8.4.16/lib/lazy-result.d.ts": "aa0c61cce2b4e053d032304037c49471369b305f1d932e0220d8d2aaaf03f6ba",
    "https://deno.land/x/postcss@8.4.16/lib/lazy-result.js": "8da20efbb934d01597e560700639bcffb15529ed427ae67956047b76607a3da6",
    "https://deno.land/x/postcss@8.4.16/lib/list.d.ts": "93dab503c0bedfd39477d73cd28ca96a6f1cc780355b3670b82c8f63d16c3f74",
    "https://deno.land/x/postcss@8.4.16/lib/list.js": "7b0bfbc4872f293235809535a123fd2db2063f9b4ccc0c61bc5d1a9983bfc33d",
    "https://deno.land/x/postcss@8.4.16/lib/map-generator.js": "7659aeb45b60d0ecbf1d0961b402498ca18ea6f27b00afc04fdabcd3b8d4276f",
    "https://deno.land/x/postcss@8.4.16/lib/no-work-result.d.ts": "08e74c5921c710b5b5891e8b702235daa39c079b13a63f0b18ecbe6468387524",
    "https://deno.land/x/postcss@8.4.16/lib/no-work-result.js": "cebf56f72cd1ba1368ad0cdc5032a2d1fffcfe7feade5379291752489fb10b5b",
    "https://deno.land/x/postcss@8.4.16/lib/node.d.ts": "7c282106736ad6bbb3aef1534dd3a81381f01312e847b9943ab526e3d7a0bfa0",
    "https://deno.land/x/postcss@8.4.16/lib/node.js": "34068358ebc72ac973840044ffa1734475d27cb4e05ebcd2c159a3faef2fd689",
    "https://deno.land/x/postcss@8.4.16/lib/parse.d.ts": "1b491c100302d63a30de5c14d4ef0db05bd51b1aef9b8607e564288d8941e87c",
    "https://deno.land/x/postcss@8.4.16/lib/parse.js": "1b04216ca19b88b92e73b04432440f6095a563fee877baae952546a3d3c38651",
    "https://deno.land/x/postcss@8.4.16/lib/parser.js": "bba103c7cf98c5cb73c367a0d49e8e31eb47cb29c6935e4617b7a036f8712812",
    "https://deno.land/x/postcss@8.4.16/lib/postcss.d.ts": "10ce9d85322db34cf4c4853f863c3b34a22a2af328e7f8ac5b7c584efcb9b9d5",
    "https://deno.land/x/postcss@8.4.16/lib/postcss.js": "1f0caa2e7b80c52829181cbb913260782a2d729121f3ae17f0f5dff659fa508d",
    "https://deno.land/x/postcss@8.4.16/lib/previous-map.js": "e41d9eef67f82c48aa25179003c90ad8daa0928845fc916d86cdbe79906bc62f",
    "https://deno.land/x/postcss@8.4.16/lib/processor.d.ts": "cadec4243dff41898b1435a3d857652752bc6801ab058b485174e6677050973a",
    "https://deno.land/x/postcss@8.4.16/lib/processor.js": "fa0bf6f764b2e933e18987300fb332b4e15c70a8fae97bbcc5b4e706e2997c93",
    "https://deno.land/x/postcss@8.4.16/lib/result.d.ts": "aef887486ce3e6dbc41b1c9da86e54c47952cadd5c3aed724440f10035a1c92b",
    "https://deno.land/x/postcss@8.4.16/lib/result.js": "53a68cf79a9b57a286358854a3e402493e5136104f9e8a075400ce0b62ab7be3",
    "https://deno.land/x/postcss@8.4.16/lib/root.d.ts": "5e74b0d2fbd88daec83ef567d9d70ea57f24c2fcaf4ed038856fe2c0aabc508e",
    "https://deno.land/x/postcss@8.4.16/lib/root.js": "cf1f18916c94fd446f40643d4ef62102e0b9e1ee20716d027645068f7264220a",
    "https://deno.land/x/postcss@8.4.16/lib/rule.d.ts": "9d63856e557a04e612c777cfeb2e054d5ae41cdee0dd94e39431bfab45140ea6",
    "https://deno.land/x/postcss@8.4.16/lib/rule.js": "b8415d2af6a7ed90032d7b64be71194ce45e37e84214f4b327e7aebd80a055f5",
    "https://deno.land/x/postcss@8.4.16/lib/source_map.ts": "c645fef79e9ecec8127f679794d6377199245a5000196899db7414f2ba16702e",
    "https://deno.land/x/postcss@8.4.16/lib/stringifier.d.ts": "6d2daf2fe461892f29b6a2ec00ecd7bbce244383afa61176fe2f30aed5db9273",
    "https://deno.land/x/postcss@8.4.16/lib/stringifier.js": "b641619d5d3cd05218c84c630a6866dae346a461499772598b90890a5239f15e",
    "https://deno.land/x/postcss@8.4.16/lib/stringify.d.ts": "ee34188d9d77f0b1e5171438d2c45b82e292e9244b7883be5db7f34823415557",
    "https://deno.land/x/postcss@8.4.16/lib/stringify.js": "704ca56e8b5982885c62c0299b95c56476d84d4099e9236a61f851ce742a689f",
    "https://deno.land/x/postcss@8.4.16/lib/symbols.js": "97c177b55f6b88f6cabc0c2442e3f2a816b8e6b68d851789a53e1218f1a3cf10",
    "https://deno.land/x/postcss@8.4.16/lib/terminal-highlight.js": "fd42d88fd9ba79f758deb48901d0498676dfd95fe869e40a963773518a837783",
    "https://deno.land/x/postcss@8.4.16/lib/tokenize.js": "1594cee92e1741341c49a00d17577d3d63ec87acfef9214562c151388fcd4c8d",
    "https://deno.land/x/postcss@8.4.16/lib/warn-once.js": "9218bd5ac65a1cec4baace385830555d8a7bfaba20dcae6da0f0d75f81ac89c1",
    "https://deno.land/x/postcss@8.4.16/lib/warning.d.ts": "2300da28461b1d5e539f796c320cd2e80965dcc1ebbd919b4ac11fb12967e8a9",
    "https://deno.land/x/postcss@8.4.16/lib/warning.js": "a51223bf1cf2da3126dbc5c93d74a6b32844495d0da9d92c1fc38863aec2cb3d",
    "https://deno.land/x/postcss@8.4.16/mod.js": "131f9d70e2327d445cecb4b51d702857e515d2f34eb957c7eefe7542452d678f",
    "https://deno.land/x/rutt@0.0.14/mod.ts": "5027b8e8b12acca48b396a25aee74ad7ee94a25c24cda75571d7839cbd41113c",
    "https://deno.land/x/source_map@0.6.2/lib/array-set.js": "7283ef86b0f3bf004fa8e013a94dfea0aec9108d492643d81ff9a70d1719c468",
    "https://deno.land/x/source_map@0.6.2/lib/base64-vlq.js": "63b317643095f62f8998d75dec66560a485a505eb3a9a3bfd5d0f53506844303",
    "https://deno.land/x/source_map@0.6.2/lib/base64.js": "58a37dc884c78cffff2173021b942a9d9b031a7f7c212b550a0c8b02915f840d",
    "https://deno.land/x/source_map@0.6.2/lib/binary-search.js": "3094b75caaca7ad0459edd2a77c4a3670d7d468ea5cd53b8cb8277be882cd441",
    "https://deno.land/x/source_map@0.6.2/lib/mapping-list.js": "ceaee80be9edcff40ccceb7ca742427aada2ad89897e43f0d02fa570e23aa56a",
    "https://deno.land/x/source_map@0.6.2/lib/quick-sort.js": "7086dd17429f5afa6a4474219f21bc900489da8f5981d250377e6b1278878bac",
    "https://deno.land/x/source_map@0.6.2/lib/source-map-consumer.js": "2a2061d996d12089c75c985dd7d797c4b9488c08858c858d849910182214726b",
    "https://deno.land/x/source_map@0.6.2/lib/source-map-generator.js": "353d1e61ef46f93945caf202e90f6b11a31de41be4cebf0aaed11a8ce8dd1f32",
    "https://deno.land/x/source_map@0.6.2/lib/source-node.js": "e3fa5e9fb604b770ad803a04a79a03b917356dcfb4de671e6b9466276608edca",
    "https://deno.land/x/source_map@0.6.2/lib/util.js": "8095afcc2f330d40637849308441c5d64c45b24aa8dc985a148b665099b3004e",
    "https://deno.land/x/source_map@0.6.2/mod.js": "5fb2a8af1c6ab0f17ab4033db8b412402d28d661344747beba19387addab2b32",
    "https://deno.land/x/source_map@0.6.2/source-map.d.ts": "a26a9e0cb2ef55412e491af9e25645d4896e2f11f4897f9006e7f25612a51be2",
    "https://esm.sh/postcss-nesting@10.2.0": "504cbd5b85a42718e5c913d2413723b34275f52da6abcd3d20cb687f65077974",
    "https://esm.sh/preact-render-to-string@5.2.6": "9fd05659418511dbe85e54d7b31b071c1ddc924b3087c02a6fef1d7cd9656f8b",
    "https://esm.sh/preact@10.11.3/hooks": "ffe990388d4ac9aaa4840e3f713b745dd9fc578cea119ebfe158e1d4dc8e347c",
    "https://esm.sh/preact@10.11.3/jsx-runtime": "7e3c72f989c3cd8b37b526fd6b9f17dfbb8a22eab5f50d5dd55489cae154af14",
    "https://esm.sh/stable/postcss-nesting@10.2.0/es2022/postcss-nesting.js": "030cca348f6b7784e7dca76385ab6cf879a5c68aa8a263f64c97b5f78e4f522b",
    "https://esm.sh/stable/preact-render-to-string@5.2.6/es2022/preact-render-to-string.js": "f21837ede9c3f7436500950acb3a59b81ff9c25d4802867a719b533cdcce16b1",
    "https://esm.sh/stable/preact@10.11.2/es2022/hooks.js": "80442f6ae509fb0c0709f574b2bd3b4871b1840d0f52b55103f241473c5fa094",
    "https://esm.sh/stable/preact@10.11.2/es2022/jsx-runtime.js": "7ace6c130da03b8ca523d0b58350973b5bd64fef04022ba1d2290561142a4403",
    "https://esm.sh/stable/preact@10.11.2/es2022/preact.js": "95fffb4189d5016ef06d11344d6b1522f8aa60ff407bb3d21420c90ebff6ac4d",
    "https://esm.sh/stable/preact@10.11.3/deno/hooks.js": "535e2fd07e4273ba7db7955102733412c10975a0c1f57e5e18966f612a022b69",
    "https://esm.sh/stable/preact@10.11.3/deno/jsx-runtime.js": "e36c99488315194b66a244549e697bf4488b09289dc070f7453875d2fc5bb843",
    "https://esm.sh/stable/preact@10.11.3/deno/preact.js": "d17d6b3217ccb0352f68bbd47930aa25d260c1a544f45bcbcf4cd1ded9d630bb",
    "https://esm.sh/stable/preact@10.11.3/es2022/hooks.js": "99515081844f3ab7dc4c05b5f3ad95ffa39a2eac0bb030863a26275b7e89ceef",
    "https://esm.sh/stable/preact@10.11.3/es2022/jsx-runtime.js": "96a0548dfc886ed2751d293b48d1a2998a51e1d7de807592bd53509247a59f57",
    "https://esm.sh/stable/preact@10.11.3/es2022/preact.js": "e3dc32f7ba16d19fa7f531008ef5788b76d30a18c296a47c7f921562731cad4a",
    "https://esm.sh/stable/preact@10.11.3/hooks": "ffe990388d4ac9aaa4840e3f713b745dd9fc578cea119ebfe158e1d4dc8e347c",
    "https://esm.sh/v99/@csstools/selector-specificity@2.0.2/deno/selector-specificity.js": "e2a4ab13c5d77426ff113dd0e114f8a3180def86f8f44ceb7adc7ed1f50731c2",
    "https://esm.sh/v99/@csstools/selector-specificity@2.0.2/es2022/selector-specificity.js": "45dd8cabfb646a71bba2a38f6fba6290adcc2fcaa9f037d225857a9bd1f0e63f",
    "https://esm.sh/v99/cssesc@3.0.0/deno/cssesc.js": "a80e63c8524c9fb695f3d37f54bf2857d2b569957fc108876fd3e5adbda9c3cc",
    "https://esm.sh/v99/cssesc@3.0.0/es2022/cssesc.js": "30dbde888d0f4bad2c6c36460e204899174e43755b3494657eefd7b9df11459c",
    "https://esm.sh/v99/postcss-nesting@10.2.0/deno/postcss-nesting.js": "86fbb3026c347b62a7699f91124d78c21de6efbe817ae8d300c7391762c1406f",
    "https://esm.sh/v99/postcss-nesting@10.2.0/dist/index.d.ts": "fe7ae97b81f5c3e193ac069754c16e0970cc9dca7516bc0ce20fc8d295c9ce4c",
    "https://esm.sh/v99/postcss-selector-parser@6.0.10/deno/postcss-selector-parser.js": "7ec0b710996272ed4f9dae28ddab53a6af5cc74cd8abce4666b0c7296e5c2266",
    "https://esm.sh/v99/postcss-selector-parser@6.0.11/es2022/postcss-selector-parser.js": "02460d96cfb2a914f5e6f673f9ec5f094a4ed975ce3c0e93857cbde42a995de6",
    "https://esm.sh/v99/postcss@8.4.19/lib/at-rule.d.ts": "9973ca6eb0b6535691d10ead1d1a95eedb0542be3f0acb23abcdcab4c73835ae",
    "https://esm.sh/v99/postcss@8.4.19/lib/comment.d.ts": "cbf4835ea92a367513a70fdbed5db5baca6d5f6fd391072646a5aa3ffc8f5513",
    "https://esm.sh/v99/postcss@8.4.19/lib/container.d.ts": "f8e811dde41738384da5e8184048f00f764fdb74da40a1e5de9c9975b6228180",
    "https://esm.sh/v99/postcss@8.4.19/lib/css-syntax-error.d.ts": "40d7c322686ebd63fbc593f8ff41867aa88f2afe97fcd1f6d25e51789575ddb7",
    "https://esm.sh/v99/postcss@8.4.19/lib/declaration.d.ts": "76bc43013ec294a5454b82a31e2ff06470c7f628478ab60f3ed78f8861f1366c",
    "https://esm.sh/v99/postcss@8.4.19/lib/document.d.ts": "8a3ad1439d750437c85fec0fd606856f64edce45cd7db6175d691976cc8e634c",
    "https://esm.sh/v99/postcss@8.4.19/lib/input.d.ts": "2f129e37d05d1c9f0d093019b18cb591869f0d0e602307d23de578a3d12aadc6",
    "https://esm.sh/v99/postcss@8.4.19/lib/lazy-result.d.ts": "0fd1847c7c14bb81114bbb9b6eb8974c7522cc6a55e027453b50fa23b5a573d6",
    "https://esm.sh/v99/postcss@8.4.19/lib/list.d.ts": "d7e4a5f4ccfb749c3033fafc233073b4d1dcca0249785186c589602a81f9d86f",
    "https://esm.sh/v99/postcss@8.4.19/lib/no-work-result.d.ts": "abb93a7898a7eaf8f2ab15f64506402e22a699118257fd788df385735733fb61",
    "https://esm.sh/v99/postcss@8.4.19/lib/node.d.ts": "fa6a6c18d53ca7df41628186264e0a7efb2a73eb508421b802ccc75dd6e37d94",
    "https://esm.sh/v99/postcss@8.4.19/lib/postcss.d.ts": "1b45cbe4fe186e0f7f7d548a18decf55fd61f7644d53bfa95bb4caf262a59a29",
    "https://esm.sh/v99/postcss@8.4.19/lib/previous-map.d.ts": "1f93b8fd503095cb557c3ff38de801901a95b77b306d236605ecee9a32a8d1bc",
    "https://esm.sh/v99/postcss@8.4.19/lib/processor.d.ts": "973de133780b16dfeada566c6c4b684ec70e2786dd9536eae4ca040c5f9c4116",
    "https://esm.sh/v99/postcss@8.4.19/lib/result.d.ts": "6a1dac7d1412d16d8ddc06a941958ce77609a154c00d771fd72fc28e5d4ca755",
    "https://esm.sh/v99/postcss@8.4.19/lib/root.d.ts": "953ad9444737c1f91b281afcff2fc0fb105153b4feb2f342f2e052f4505f4410",
    "https://esm.sh/v99/postcss@8.4.19/lib/rule.d.ts": "ad3cce235b58c27a9edbbd52d02d7896f3163c760546b6a759ac87253842c056",
    "https://esm.sh/v99/postcss@8.4.19/lib/warning.d.ts": "70163a9391721c51b4b95847c4c5ee4eb0985716f889f72648ef36c272e0f39d",
    "https://esm.sh/v99/preact-render-to-string@5.2.6/deno/preact-render-to-string.js": "ca976740f7c1cfc51a83c258965b0020db0538f1bd1a2cc5c42c663e57651ebc",
    "https://esm.sh/v99/preact-render-to-string@5.2.6/es2022/preact-render-to-string.js": "f21837ede9c3f7436500950acb3a59b81ff9c25d4802867a719b533cdcce16b1",
    "https://esm.sh/v99/preact-render-to-string@5.2.6/src/index.d.ts": "e3d48a2d7e2c2603af8f5ac8fe8e608a3d8204b751b9d73205b265542af4071b",
    "https://esm.sh/v99/preact@10.11.3/hooks/src/index.d.ts": "5c29febb624fc25d71cb0e125848c9b711e233337a08f7eacfade38fd4c14cc3",
    "https://esm.sh/v99/preact@10.11.3/jsx-runtime/src/index.d.ts": "e153460ed2b3fe2ad8b93696ecd48fbf73cd628b0b0ea6692b71804a3af69dfd",
    "https://esm.sh/v99/preact@10.11.3/src/index.d.ts": "76842a9d103548261ee001f2aee5fa5cacc8b1b4b4032af537ed84603c8f4a31",
    "https://esm.sh/v99/preact@10.11.3/src/jsx.d.ts": "77ce5bd7324455c9f6dc85bfc3c94b733acb92cc98fdf82e4b1059c8bca7866d",
    "https://esm.sh/v99/source-map-js@1.0.2/source-map.d.ts": "e1d24eb7d0ac71a5a0d0f9cc64d2ce859dc015cb85c16434d20ec91b182d4ee6",
    "https://esm.sh/v99/util-deprecate@1.0.2/deno/util-deprecate.js": "465830ef20bb4e16da7d89898a5359736a8639c450e10db4fb3634bfbd8dd987",
    "https://esm.sh/v99/util-deprecate@1.0.2/es2022/util-deprecate.js": "e36f16085264724f2a4ab29a981406b79d30bb94c03865a0980a2892f1563a8b"
  }
}
